
Microsoft Visual Studio Solution File, Format Version 12.00
# Visual Studio Version 17
VisualStudioVersion = 17.14.37012.4
MinimumVisualStudioVersion = 10.0.40219.1
Project("{FAE04EC0-301F-11D3-BF4B-00C04F79EFBC}") = "BLL", "BLL\BLL.csproj", "{B477909D-101C-4BAE-80C2-E88488D84CD7}"
EndProject
Project("{FAE04EC0-301F-11D3-BF4B-00C04F79EFBC}") = "DAL", "DAL\DAL.csproj", "{A3AFA792-D907-4E12-A230-272CF59B9990}"
EndProject
Project("{FAE04EC0-301F-11D3-BF4B-00C04F79EFBC}") = "Models", "Models\Models.csproj", "{4E689724-717B-4D29-96E1-E0E85645ECBD}"
EndProject
Project("{FAE04EC0-301F-11D3-BF4B-00C04F79EFBC}") = "DTO", "DTO\DTO.csproj", "{052D2077-83EE-4FE7-A839-0995585B9C99}"
EndProject
Project("{FAE04EC0-301F-11D3-BF4B-00C04F79EFBC}") = "Common", "Common\Common.csproj", "{C6A989D7-D473-4FCD-802F-49511BA8F639}"
EndProject
Project("{FAE04EC0-301F-11D3-BF4B-00C04F79EFBC}") = "API_ND", "API_ND\API_ND.csproj", "{DF84FA3B-30C0-4B84-A63D-E71CA3F53F45}"
EndProject
Project("{FAE04EC0-301F-11D3-BF4B-00C04F79EFBC}") = "API_QT", "API_QT\API_QT.csproj", "{3BBAF82B-E341-4A38-9EBA-21B7BAF9A276}"
EndProject
Global
	GlobalSection(SolutionConfigurationPlatforms) = preSolution
		Debug|Any CPU = Debug|Any CPU
		Debug|x64 = Debug|x64
		Debug|x86 = Debug|x86
		Release|Any CPU = Release|Any CPU
		Release|x64 = Release|x64
		Release|x86 = Release|x86
	EndGlobalSection
	GlobalSection(ProjectConfigurationPlatforms) = postSolution
		{B477909D-101C-4BAE-80C2-E88488D84CD7}.Debug|Any CPU.ActiveCfg = Debug|Any CPU
		{B477909D-101C-4BAE-80C2-E88488D84CD7}.Debug|Any CPU.Build.0 = Debug|Any CPU
		{B477909D-101C-4BAE-80C2-E88488D84CD7}.Debug|x64.ActiveCfg = Debug|Any CPU
		{B477909D-101C-4BAE-80C2-E88488D84CD7}.Debug|x64.Build.0 = Debug|Any CPU
		{B477909D-101C-4BAE-80C2-E88488D84CD7}.Debug|x86.ActiveCfg = Debug|Any CPU
		{B477909D-101C-4BAE-80C2-E88488D84CD7}.Debug|x86.Build.0 = Debug|Any CPU
		{B477909D-101C-4BAE-80C2-E88488D84CD7}.Release|Any CPU.ActiveCfg = Release|Any CPU
		{B477909D-101C-4BAE-80C2-E88488D84CD7}.Release|Any CPU.Build.0 = Release|Any CPU
		{B477909D-101C-4BAE-80C2-E88488D84CD7}.Release|x64.ActiveCfg = Release|Any CPU
		{B477909D-101C-4BAE-80C2-E88488D84CD7}.Release|x64.Build.0 = Release|Any CPU
		{B477909D-101C-4BAE-80C2-E88488D84CD7}.Release|x86.ActiveCfg = Release|Any CPU
		{B477909D-101C-4BAE-80C2-E88488D84CD7}.Release|x86.Build.0 = Release|Any CPU
		{A3AFA792-D907-4E12-A230-272CF59B9990}.Debug|Any CPU.ActiveCfg = Debug|Any CPU
		{A3AFA792-D907-4E12-A230-272CF59B9990}.Debug|Any CPU.Build.0 = Debug|Any CPU
		{A3AFA792-D907-4E12-A230-272CF59B9990}.Debug|x64.ActiveCfg = Debug|Any CPU
		{A3AFA792-D907-4E12-A230-272CF59B9990}.Debug|x64.Build.0 = Debug|Any CPU
		{A3AFA792-D907-4E12-A230-272CF59B9990}.Debug|x86.ActiveCfg = Debug|Any CPU
		{A3AFA792-D907-4E12-A230-272CF59B9990}.Debug|x86.Build.0 = Debug|Any CPU
		{A3AFA792-D907-4E12-A230-272CF59B9990}.Release|Any CPU.ActiveCfg = Release|Any CPU
		{A3AFA792-D907-4E12-A230-272CF59B9990}.Release|Any CPU.Build.0 = Release|Any CPU
		{A3AFA792-D907-4E12-A230-272CF59B9990}.Release|x64.ActiveCfg = Release|Any CPU
		{A3AFA792-D907-4E12-A230-272CF59B9990}.Release|x64.Build.0 = Release|Any CPU
		{A3AFA792-D907-4E12-A230-272CF59B9990}.Release|x86.ActiveCfg = Release|Any CPU
		{A3AFA792-D907-4E12-A230-272CF59B9990}.Release|x86.Build.0 = Release|Any CPU
		{4E689724-717B-4D29-96E1-E0E85645ECBD}.Debug|Any CPU.ActiveCfg = Debug|Any CPU
		{4E689724-717B-4D29-96E1-E0E85645ECBD}.Debug|Any CPU.Build.0 = Debug|Any CPU
		{4E689724-717B-4D29-96E1-E0E85645ECBD}.Debug|x64.ActiveCfg = Debug|Any CPU
		{4E689724-717B-4D29-96E1-E0E85645ECBD}.Debug|x64.Build.0 = Debug|Any CPU
		{4E689724-717B-4D29-96E1-E0E85645ECBD}.Debug|x86.ActiveCfg = Debug|Any CPU
		{4E689724-717B-4D29-96E1-E0E85645ECBD}.Debug|x86.Build.0 = Debug|Any CPU
		{4E689724-717B-4D29-96E1-E0E85645ECBD}.Release|Any CPU.ActiveCfg = Release|Any CPU
		{4E689724-717B-4D29-96E1-E0E85645ECBD}.Release|Any CPU.Build.0 = Release|Any CPU
		{4E689724-717B-4D29-96E1-E0E85645ECBD}.Release|x64.ActiveCfg = Release|Any CPU
		{4E689724-717B-4D29-96E1-E0E85645ECBD}.Release|x64.Build.0 = Release|Any CPU
		{4E689724-717B-4D29-96E1-E0E85645ECBD}.Release|x86.ActiveCfg = Release|Any CPU
		{4E689724-717B-4D29-96E1-E0E85645ECBD}.Release|x86.Build.0 = Release|Any CPU
		{052D2077-83EE-4FE7-A839-0995585B9C99}.Debug|Any CPU.ActiveCfg = Debug|Any CPU
		{052D2077-83EE-4FE7-A839-0995585B9C99}.Debug|Any CPU.Build.0 = Debug|Any CPU
		{052D2077-83EE-4FE7-A839-0995585B9C99}.Debug|x64.ActiveCfg = Debug|Any CPU
		{052D2077-83EE-4FE7-A839-0995585B9C99}.Debug|x64.Build.0 = Debug|Any CPU
		{052D2077-83EE-4FE7-A839-0995585B9C99}.Debug|x86.ActiveCfg = Debug|Any CPU
		{052D2077-83EE-4FE7-A839-0995585B9C99}.Debug|x86.Build.0 = Debug|Any CPU
		{052D2077-83EE-4FE7-A839-0995585B9C99}.Release|Any CPU.ActiveCfg = Release|Any CPU
		{052D2077-83EE-4FE7-A839-0995585B9C99}.Release|Any CPU.Build.0 = Release|Any CPU
		{052D2077-83EE-4FE7-A839-0995585B9C99}.Release|x64.ActiveCfg = Release|Any CPU
		{052D2077-83EE-4FE7-A839-0995585B9C99}.Release|x64.Build.0 = Release|Any CPU
		{052D2077-83EE-4FE7-A839-0995585B9C99}.Release|x86.ActiveCfg = Release|Any CPU
		{052D2077-83EE-4FE7-A839-0995585B9C99}.Release|x86.Build.0 = Release|Any CPU
		{C6A989D7-D473-4FCD-802F-49511BA8F639}.Debug|Any CPU.ActiveCfg = Debug|Any CPU
		{C6A989D7-D473-4FCD-802F-49511BA8F639}.Debug|Any CPU.Build.0 = Debug|Any CPU
		{C6A989D7-D473-4FCD-802F-49511BA8F639}.Debug|x64.ActiveCfg = Debug|Any CPU
		{C6A989D7-D473-4FCD-802F-49511BA8F639}.Debug|x64.Build.0 = Debug|Any CPU
		{C6A989D7-D473-4FCD-802F-49511BA8F639}.Debug|x86.ActiveCfg = Debug|Any CPU
		{C6A989D7-D473-4FCD-802F-49511BA8F639}.Debug|x86.Build.0 = Debug|Any CPU
		{C6A989D7-D473-4FCD-802F-49511BA8F639}.Release|Any CPU.ActiveCfg = Release|Any CPU
		{C6A989D7-D473-4FCD-802F-49511BA8F639}.Release|Any CPU.Build.0 = Release|Any CPU
		{C6A989D7-D473-4FCD-802F-49511BA8F639}.Release|x64.ActiveCfg = Release|Any CPU
		{C6A989D7-D473-4FCD-802F-49511BA8F639}.Release|x64.Build.0 = Release|Any CPU
		{C6A989D7-D473-4FCD-802F-49511BA8F639}.Release|x86.ActiveCfg = Release|Any CPU
		{C6A989D7-D473-4FCD-802F-49511BA8F639}.Release|x86.Build.0 = Release|Any CPU
		{DF84FA3B-30C0-4B84-A63D-E71CA3F53F45}.Debug|Any CPU.ActiveCfg = Debug|Any CPU
		{DF84FA3B-30C0-4B84-A63D-E71CA3F53F45}.Debug|Any CPU.Build.0 = Debug|Any CPU
		{DF84FA3B-30C0-4B84-A63D-E71CA3F53F45}.Debug|x64.ActiveCfg = Debug|Any CPU
		{DF84FA3B-30C0-4B84-A63D-E71CA3F53F45}.Debug|x64.Build.0 = Debug|Any CPU
		{DF84FA3B-30C0-4B84-A63D-E71CA3F53F45}.Debug|x86.ActiveCfg = Debug|Any CPU
		{DF84FA3B-30C0-4B84-A63D-E71CA3F53F45}.Debug|x86.Build.0 = Debug|Any CPU
		{DF84FA3B-30C0-4B84-A63D-E71CA3F53F45}.Release|Any CPU.ActiveCfg = Release|Any CPU
		{DF84FA3B-30C0-4B84-A63D-E71CA3F53F45}.Release|Any CPU.Build.0 = Release|Any CPU
		{DF84FA3B-30C0-4B84-A63D-E71CA3F53F45}.Release|x64.ActiveCfg = Release|Any CPU
		{DF84FA3B-30C0-4B84-A63D-E71CA3F53F45}.Release|x64.Build.0 = Release|Any CPU
		{DF84FA3B-30C0-4B84-A63D-E71CA3F53F45}.Release|x86.ActiveCfg = Release|Any CPU
		{DF84FA3B-30C0-4B84-A63D-E71CA3F53F45}.Release|x86.Build.0 = Release|Any CPU
		{3BBAF82B-E341-4A38-9EBA-21B7BAF9A276}.Debug|Any CPU.ActiveCfg = Debug|Any CPU
		{3BBAF82B-E341-4A38-9EBA-21B7BAF9A276}.Debug|Any CPU.Build.0 = Debug|Any CPU
		{3BBAF82B-E341-4A38-9EBA-21B7BAF9A276}.Debug|x64.ActiveCfg = Debug|Any CPU
		{3BBAF82B-E341-4A38-9EBA-21B7BAF9A276}.Debug|x64.Build.0 = Debug|Any CPU
		{3BBAF82B-E341-4A38-9EBA-21B7BAF9A276}.Debug|x86.ActiveCfg = Debug|Any CPU
		{3BBAF82B-E341-4A38-9EBA-21B7BAF9A276}.Debug|x86.Build.0 = Debug|Any CPU
		{3BBAF82B-E341-4A38-9EBA-21B7BAF9A276}.Release|Any CPU.ActiveCfg = Release|Any CPU
		{3BBAF82B-E341-4A38-9EBA-21B7BAF9A276}.Release|Any CPU.Build.0 = Release|Any CPU
		{3BBAF82B-E341-4A38-9EBA-21B7BAF9A276}.Release|x64.ActiveCfg = Release|Any CPU
		{3BBAF82B-E341-4A38-9EBA-21B7BAF9A276}.Release|x64.Build.0 = Release|Any CPU
		{3BBAF82B-E341-4A38-9EBA-21B7BAF9A276}.Release|x86.ActiveCfg = Release|Any CPU
		{3BBAF82B-E341-4A38-9EBA-21B7BAF9A276}.Release|x86.Build.0 = Release|Any CPU
	EndGlobalSection
	GlobalSection(SolutionProperties) = preSolution
		HideSolutionNode = FALSE
	EndGlobalSection
	GlobalSection(ExtensibilityGlobals) = postSolution
		SolutionGuid = {668E86B7-2C7F-4524-B7F4-8E6EBC970A2E}
	EndGlobalSection
EndGlobal
